
Microsoft Visual Studio Solution File, Format Version 12.00
# Visual Studio 14
VisualStudioVersion = 14.0.25420.1
MinimumVisualStudioVersion = 10.0.40219.1
Project("{FAE04EC0-301F-11D3-BF4B-00C04F79EFBC}") = "RepositoryPattern", "RepositoryPattern\RepositoryPattern.csproj", "{33A3B9E5-FF40-42F0-BB0B-33BABEA75862}"
EndProject
Project("{FAE04EC0-301F-11D3-BF4B-00C04F79EFBC}") = "RepositoryPattern.Tests", "RepositoryPattern.Tests\RepositoryPattern.Tests.csproj", "{16A1D7A9-DBEC-45AF-99BD-373EDAAEB0AB}"
EndProject
Project("{FAE04EC0-301F-11D3-BF4B-00C04F79EFBC}") = "Repository", "Repository\Repository.csproj", "{B14901E1-5FAB-4272-9DD2-1B290DCB7CF8}"
EndProject
Global
	GlobalSection(SolutionConfigurationPlatforms) = preSolution
		Debug|Any CPU = Debug|Any CPU
		Release|Any CPU = Release|Any CPU
	EndGlobalSection
	GlobalSection(ProjectConfigurationPlatforms) = postSolution
		{33A3B9E5-FF40-42F0-BB0B-33BABEA75862}.Debug|Any CPU.ActiveCfg = Debug|Any CPU
		{33A3B9E5-FF40-42F0-BB0B-33BABEA75862}.Debug|Any CPU.Build.0 = Debug|Any CPU
		{33A3B9E5-FF40-42F0-BB0B-33BABEA75862}.Release|Any CPU.ActiveCfg = Release|Any CPU
		{33A3B9E5-FF40-42F0-BB0B-33BABEA75862}.Release|Any CPU.Build.0 = Release|Any CPU
		{16A1D7A9-DBEC-45AF-99BD-373EDAAEB0AB}.Debug|Any CPU.ActiveCfg = Debug|Any CPU
		{16A1D7A9-DBEC-45AF-99BD-373EDAAEB0AB}.Debug|Any CPU.Build.0 = Debug|Any CPU
		{16A1D7A9-DBEC-45AF-99BD-373EDAAEB0AB}.Release|Any CPU.ActiveCfg = Release|Any CPU
		{16A1D7A9-DBEC-45AF-99BD-373EDAAEB0AB}.Release|Any CPU.Build.0 = Release|Any CPU
		{B14901E1-5FAB-4272-9DD2-1B290DCB7CF8}.Debug|Any CPU.ActiveCfg = Debug|Any CPU
		{B14901E1-5FAB-4272-9DD2-1B290DCB7CF8}.Debug|Any CPU.Build.0 = Debug|Any CPU
		{B14901E1-5FAB-4272-9DD2-1B290DCB7CF8}.Release|Any CPU.ActiveCfg = Release|Any CPU
		{B14901E1-5FAB-4272-9DD2-1B290DCB7CF8}.Release|Any CPU.Build.0 = Release|Any CPU
	EndGlobalSection
	GlobalSection(SolutionProperties) = preSolution
		HideSolutionNode = FALSE
	EndGlobalSection
EndGlobal
